
Microsoft Visual Studio Solution File, Format Version 12.00
# Visual Studio Version 17
VisualStudioVersion = 17.9.34714.143
MinimumVisualStudioVersion = 10.0.40219.1
Project("{FAE04EC0-301F-11D3-BF4B-00C04F79EFBC}") = "Gym", "Gym\Gym.csproj", "{29731639-E7A6-41F5-85B1-3F2E66C524A0}"
EndProject
Global
	GlobalSection(SolutionConfigurationPlatforms) = preSolution
		Debug|Any CPU = Debug|Any CPU
		Release|Any CPU = Release|Any CPU
	EndGlobalSection
	GlobalSection(ProjectConfigurationPlatforms) = postSolution
		{29731639-E7A6-41F5-85B1-3F2E66C524A0}.Debug|Any CPU.ActiveCfg = Debug|Any CPU
		{29731639-E7A6-41F5-85B1-3F2E66C524A0}.Debug|Any CPU.Build.0 = Debug|Any CPU
		{29731639-E7A6-41F5-85B1-3F2E66C524A0}.Release|Any CPU.ActiveCfg = Release|Any CPU
		{29731639-E7A6-41F5-85B1-3F2E66C524A0}.Release|Any CPU.Build.0 = Release|Any CPU
	EndGlobalSection
	GlobalSection(SolutionProperties) = preSolution
		HideSolutionNode = FALSE
	EndGlobalSection
	GlobalSection(ExtensibilityGlobals) = postSolution
		SolutionGuid = {28DE7537-BD30-458F-80FE-562497ABEF51}
	EndGlobalSection
EndGlobal
